
Microsoft Visual Studio Solution File, Format Version 12.00
# Visual Studio Version 16
VisualStudioVersion = 16.0.31424.327
MinimumVisualStudioVersion = 10.0.40219.1
Project("{FAE04EC0-301F-11D3-BF4B-00C04F79EFBC}") = "LuciansLusciousLasagna", "LuciansLusciousLasagna\LuciansLusciousLasagna.csproj", "{3A58E6AB-A453-415C-A959-DDE9F4A5813A}"
EndProject
Project("{FAE04EC0-301F-11D3-BF4B-00C04F79EFBC}") = "PhoneNumberAnalysis_Tuples", "PhoneNumberAnalysis_Tuples\PhoneNumberAnalysis_Tuples.csproj", "{24D501C7-F429-44CD-8BF3-131685C27D2A}"
EndProject
Project("{FAE04EC0-301F-11D3-BF4B-00C04F79EFBC}") = "AssemblyLine_If_Numbers", "AssemblyLine_If_Numbers\AssemblyLine_If_Numbers.csproj", "{A3811D2F-CC02-404B-8BBA-F3D07D1C6C5B}"
EndProject
Project("{FAE04EC0-301F-11D3-BF4B-00C04F79EFBC}") = "Annalyn's Infiltration", "Annalyn's Infiltration\Annalyn's Infiltration.csproj", "{248F6B70-ADE6-4BB2-90AB-E80F3B005963}"
EndProject
Project("{FAE04EC0-301F-11D3-BF4B-00C04F79EFBC}") = "Log Levels", "Log Levels\Log Levels.csproj", "{C9856830-DC8C-46BB-B79B-2ADA56ABB209}"
EndProject
Project("{FAE04EC0-301F-11D3-BF4B-00C04F79EFBC}") = "Log Analysis", "Log Analysis\Log Analysis.csproj", "{5B96ECFA-D0BA-482C-96CC-02FEB49FD049}"
EndProject
Project("{FAE04EC0-301F-11D3-BF4B-00C04F79EFBC}") = "Phone Number Analysis", "Phone Number Analysis\Phone Number Analysis.csproj", "{95116E3A-5059-4764-BE3D-18E3C90DC1CD}"
EndProject
Global
	GlobalSection(SolutionConfigurationPlatforms) = preSolution
		Debug|Any CPU = Debug|Any CPU
		Release|Any CPU = Release|Any CPU
	EndGlobalSection
	GlobalSection(ProjectConfigurationPlatforms) = postSolution
		{3A58E6AB-A453-415C-A959-DDE9F4A5813A}.Debug|Any CPU.ActiveCfg = Debug|Any CPU
		{3A58E6AB-A453-415C-A959-DDE9F4A5813A}.Debug|Any CPU.Build.0 = Debug|Any CPU
		{3A58E6AB-A453-415C-A959-DDE9F4A5813A}.Release|Any CPU.ActiveCfg = Release|Any CPU
		{3A58E6AB-A453-415C-A959-DDE9F4A5813A}.Release|Any CPU.Build.0 = Release|Any CPU
		{24D501C7-F429-44CD-8BF3-131685C27D2A}.Debug|Any CPU.ActiveCfg = Debug|Any CPU
		{24D501C7-F429-44CD-8BF3-131685C27D2A}.Debug|Any CPU.Build.0 = Debug|Any CPU
		{24D501C7-F429-44CD-8BF3-131685C27D2A}.Release|Any CPU.ActiveCfg = Release|Any CPU
		{24D501C7-F429-44CD-8BF3-131685C27D2A}.Release|Any CPU.Build.0 = Release|Any CPU
		{A3811D2F-CC02-404B-8BBA-F3D07D1C6C5B}.Debug|Any CPU.ActiveCfg = Debug|Any CPU
		{A3811D2F-CC02-404B-8BBA-F3D07D1C6C5B}.Debug|Any CPU.Build.0 = Debug|Any CPU
		{A3811D2F-CC02-404B-8BBA-F3D07D1C6C5B}.Release|Any CPU.ActiveCfg = Release|Any CPU
		{A3811D2F-CC02-404B-8BBA-F3D07D1C6C5B}.Release|Any CPU.Build.0 = Release|Any CPU
		{248F6B70-ADE6-4BB2-90AB-E80F3B005963}.Debug|Any CPU.ActiveCfg = Debug|Any CPU
		{248F6B70-ADE6-4BB2-90AB-E80F3B005963}.Debug|Any CPU.Build.0 = Debug|Any CPU
		{248F6B70-ADE6-4BB2-90AB-E80F3B005963}.Release|Any CPU.ActiveCfg = Release|Any CPU
		{248F6B70-ADE6-4BB2-90AB-E80F3B005963}.Release|Any CPU.Build.0 = Release|Any CPU
		{C9856830-DC8C-46BB-B79B-2ADA56ABB209}.Debug|Any CPU.ActiveCfg = Debug|Any CPU
		{C9856830-DC8C-46BB-B79B-2ADA56ABB209}.Debug|Any CPU.Build.0 = Debug|Any CPU
		{C9856830-DC8C-46BB-B79B-2ADA56ABB209}.Release|Any CPU.ActiveCfg = Release|Any CPU
		{C9856830-DC8C-46BB-B79B-2ADA56ABB209}.Release|Any CPU.Build.0 = Release|Any CPU
		{5B96ECFA-D0BA-482C-96CC-02FEB49FD049}.Debug|Any CPU.ActiveCfg = Debug|Any CPU
		{5B96ECFA-D0BA-482C-96CC-02FEB49FD049}.Debug|Any CPU.Build.0 = Debug|Any CPU
		{5B96ECFA-D0BA-482C-96CC-02FEB49FD049}.Release|Any CPU.ActiveCfg = Release|Any CPU
		{5B96ECFA-D0BA-482C-96CC-02FEB49FD049}.Release|Any CPU.Build.0 = Release|Any CPU
		{95116E3A-5059-4764-BE3D-18E3C90DC1CD}.Debug|Any CPU.ActiveCfg = Debug|Any CPU
		{95116E3A-5059-4764-BE3D-18E3C90DC1CD}.Debug|Any CPU.Build.0 = Debug|Any CPU
		{95116E3A-5059-4764-BE3D-18E3C90DC1CD}.Release|Any CPU.ActiveCfg = Release|Any CPU
		{95116E3A-5059-4764-BE3D-18E3C90DC1CD}.Release|Any CPU.Build.0 = Release|Any CPU
	EndGlobalSection
	GlobalSection(SolutionProperties) = preSolution
		HideSolutionNode = FALSE
	EndGlobalSection
	GlobalSection(ExtensibilityGlobals) = postSolution
		SolutionGuid = {220331B0-9E7A-4E6F-B5C2-B252B1914F27}
	EndGlobalSection
EndGlobal
